// !$*UTF8*$!
{
	archiveVersion = 1;
	classes = {
	};
	objectVersion = 56;
	objects = {

/* Begin PBXBuildFile section */
		956ACE6D2C0625B5006D2F59 /* Pokemon.swift in Sources */ = {isa = PBXBuildFile; fileRef = 956ACE6C2C0625B5006D2F59 /* Pokemon.swift */; };
		956ACE6F2C0627C1006D2F59 /* PokemonRow.swift in Sources */ = {isa = PBXBuildFile; fileRef = 956ACE6E2C0627C1006D2F59 /* PokemonRow.swift */; };
		956ACE712C06282E006D2F59 /* Preview.swift in Sources */ = {isa = PBXBuildFile; fileRef = 956ACE702C06282E006D2F59 /* Preview.swift */; };
		956ACE732C062A3B006D2F59 /* Pokemon.json in Resources */ = {isa = PBXBuildFile; fileRef = 956ACE722C062A3B006D2F59 /* Pokemon.json */; };
		956ACE752C062A65006D2F59 /* Response.swift in Sources */ = {isa = PBXBuildFile; fileRef = 956ACE742C062A65006D2F59 /* Response.swift */; };
		958E6AC22C08B9B300416CB1 /* README.md in Resources */ = {isa = PBXBuildFile; fileRef = 958E6AC12C08B9B300416CB1 /* README.md */; };
		958E6AC42C08BBF800416CB1 /* LICENSE in Resources */ = {isa = PBXBuildFile; fileRef = 958E6AC32C08BBF800416CB1 /* LICENSE */; };
		95BDA9EF2C00B36D00B5DD49 /* PokemonApp.swift in Sources */ = {isa = PBXBuildFile; fileRef = 95BDA9EE2C00B36D00B5DD49 /* PokemonApp.swift */; };
		95BDA9F12C00B36D00B5DD49 /* ContentView.swift in Sources */ = {isa = PBXBuildFile; fileRef = 95BDA9F02C00B36D00B5DD49 /* ContentView.swift */; };
		95BDA9F32C00B36E00B5DD49 /* Assets.xcassets in Resources */ = {isa = PBXBuildFile; fileRef = 95BDA9F22C00B36E00B5DD49 /* Assets.xcassets */; };
		95BDA9F62C00B36E00B5DD49 /* Preview Assets.xcassets in Resources */ = {isa = PBXBuildFile; fileRef = 95BDA9F52C00B36E00B5DD49 /* Preview Assets.xcassets */; };
		95BDA9FD2C00B3FA00B5DD49 /* Bulbasaur.json in Resources */ = {isa = PBXBuildFile; fileRef = 95BDA9FC2C00B3FA00B5DD49 /* Bulbasaur.json */; };
		95BDA9FF2C00B72E00B5DD49 /* PokemonView.swift in Sources */ = {isa = PBXBuildFile; fileRef = 95BDA9FE2C00B72E00B5DD49 /* PokemonView.swift */; };
/* End PBXBuildFile section */

/* Begin PBXFileReference section */
		956ACE6C2C0625B5006D2F59 /* Pokemon.swift */ = {isa = PBXFileReference; lastKnownFileType = sourcecode.swift; path = Pokemon.swift; sourceTree = "<group>"; };
		956ACE6E2C0627C1006D2F59 /* PokemonRow.swift */ = {isa = PBXFileReference; lastKnownFileType = sourcecode.swift; path = PokemonRow.swift; sourceTree = "<group>"; };
		956ACE702C06282E006D2F59 /* Preview.swift */ = {isa = PBXFileReference; lastKnownFileType = sourcecode.swift; path = Preview.swift; sourceTree = "<group>"; };
		956ACE722C062A3B006D2F59 /* Pokemon.json */ = {isa = PBXFileReference; lastKnownFileType = text.json; path = Pokemon.json; sourceTree = "<group>"; };
		956ACE742C062A65006D2F59 /* Response.swift */ = {isa = PBXFileReference; lastKnownFileType = sourcecode.swift; path = Response.swift; sourceTree = "<group>"; };
		958E6AC12C08B9B300416CB1 /* README.md */ = {isa = PBXFileReference; lastKnownFileType = net.daringfireball.markdown; path = README.md; sourceTree = "<group>"; };
		958E6AC32C08BBF800416CB1 /* LICENSE */ = {isa = PBXFileReference; lastKnownFileType = text; path = LICENSE; sourceTree = "<group>"; };
		95BDA9EB2C00B36D00B5DD49 /* Pokemon.app */ = {isa = PBXFileReference; explicitFileType = wrapper.application; includeInIndex = 0; path = Pokemon.app; sourceTree = BUILT_PRODUCTS_DIR; };
		95BDA9EE2C00B36D00B5DD49 /* PokemonApp.swift */ = {isa = PBXFileReference; lastKnownFileType = sourcecode.swift; path = PokemonApp.swift; sourceTree = "<group>"; };
		95BDA9F02C00B36D00B5DD49 /* ContentView.swift */ = {isa = PBXFileReference; lastKnownFileType = sourcecode.swift; path = ContentView.swift; sourceTree = "<group>"; };
		95BDA9F22C00B36E00B5DD49 /* Assets.xcassets */ = {isa = PBXFileReference; lastKnownFileType = folder.assetcatalog; path = Assets.xcassets; sourceTree = "<group>"; };
		95BDA9F52C00B36E00B5DD49 /* Preview Assets.xcassets */ = {isa = PBXFileReference; lastKnownFileType = folder.assetcatalog; path = "Preview Assets.xcassets"; sourceTree = "<group>"; };
		95BDA9FC2C00B3FA00B5DD49 /* Bulbasaur.json */ = {isa = PBXFileReference; lastKnownFileType = text.json; path = Bulbasaur.json; sourceTree = "<group>"; };
		95BDA9FE2C00B72E00B5DD49 /* PokemonView.swift */ = {isa = PBXFileReference; lastKnownFileType = sourcecode.swift; path = PokemonView.swift; sourceTree = "<group>"; };
/* End PBXFileReference section */

/* Begin PBXFrameworksBuildPhase section */
		95BDA9E82C00B36D00B5DD49 /* Frameworks */ = {
			isa = PBXFrameworksBuildPhase;
			buildActionMask = 2147483647;
			files = (
			);
			runOnlyForDeploymentPostprocessing = 0;
		};
/* End PBXFrameworksBuildPhase section */

/* Begin PBXGroup section */
		95BDA9E22C00B36D00B5DD49 = {
			isa = PBXGroup;
			children = (
				958E6AC12C08B9B300416CB1 /* README.md */,
				958E6AC32C08BBF800416CB1 /* LICENSE */,
				95BDA9ED2C00B36D00B5DD49 /* Pokemon */,
				95BDA9EC2C00B36D00B5DD49 /* Products */,
			);
			sourceTree = "<group>";
		};
		95BDA9EC2C00B36D00B5DD49 /* Products */ = {
			isa = PBXGroup;
			children = (
				95BDA9EB2C00B36D00B5DD49 /* Pokemon.app */,
			);
			name = Products;
			sourceTree = "<group>";
		};
		95BDA9ED2C00B36D00B5DD49 /* Pokemon */ = {
			isa = PBXGroup;
			children = (
				95BDA9EE2C00B36D00B5DD49 /* PokemonApp.swift */,
				95BDA9F02C00B36D00B5DD49 /* ContentView.swift */,
				95BDA9FE2C00B72E00B5DD49 /* PokemonView.swift */,
				956ACE6E2C0627C1006D2F59 /* PokemonRow.swift */,
				956ACE6C2C0625B5006D2F59 /* Pokemon.swift */,
				956ACE742C062A65006D2F59 /* Response.swift */,
				95BDA9F22C00B36E00B5DD49 /* Assets.xcassets */,
				95BDA9F42C00B36E00B5DD49 /* Preview Content */,
			);
			path = Pokemon;
			sourceTree = "<group>";
		};
		95BDA9F42C00B36E00B5DD49 /* Preview Content */ = {
			isa = PBXGroup;
			children = (
				95BDA9F52C00B36E00B5DD49 /* Preview Assets.xcassets */,
				95BDA9FC2C00B3FA00B5DD49 /* Bulbasaur.json */,
				956ACE722C062A3B006D2F59 /* Pokemon.json */,
				956ACE702C06282E006D2F59 /* Preview.swift */,
			);
			path = "Preview Content";
			sourceTree = "<group>";
		};
/* End PBXGroup section */

/* Begin PBXNativeTarget section */
		95BDA9EA2C00B36D00B5DD49 /* Pokemon */ = {
			isa = PBXNativeTarget;
			buildConfigurationList = 95BDA9F92C00B36E00B5DD49 /* Build configuration list for PBXNativeTarget "Pokemon" */;
			buildPhases = (
				95BDA9E72C00B36D00B5DD49 /* Sources */,
				95BDA9E82C00B36D00B5DD49 /* Frameworks */,
				95BDA9E92C00B36D00B5DD49 /* Resources */,
			);
			buildRules = (
			);
			dependencies = (
			);
			name = Pokemon;
			productName = Pokemon;
			productReference = 95BDA9EB2C00B36D00B5DD49 /* Pokemon.app */;
			productType = "com.apple.product-type.application";
		};
/* End PBXNativeTarget section */

/* Begin PBXProject section */
		95BDA9E32C00B36D00B5DD49 /* Project object */ = {
			isa = PBXProject;
			attributes = {
				BuildIndependentTargetsInParallel = 1;
				LastSwiftUpdateCheck = 1530;
				LastUpgradeCheck = 1530;
				TargetAttributes = {
					95BDA9EA2C00B36D00B5DD49 = {
						CreatedOnToolsVersion = 15.3;
					};
				};
			};
			buildConfigurationList = 95BDA9E62C00B36D00B5DD49 /* Build configuration list for PBXProject "Pokemon" */;
			compatibilityVersion = "Xcode 14.0";
			developmentRegion = en;
			hasScannedForEncodings = 0;
			knownRegions = (
				en,
				Base,
			);
			mainGroup = 95BDA9E22C00B36D00B5DD49;
			productRefGroup = 95BDA9EC2C00B36D00B5DD49 /* Products */;
			projectDirPath = "";
			projectRoot = "";
			targets = (
				95BDA9EA2C00B36D00B5DD49 /* Pokemon */,
			);
		};
/* End PBXProject section */

/* Begin PBXResourcesBuildPhase section */
		95BDA9E92C00B36D00B5DD49 /* Resources */ = {
			isa = PBXResourcesBuildPhase;
			buildActionMask = 2147483647;
			files = (
				958E6AC42C08BBF800416CB1 /* LICENSE in Resources */,
				956ACE732C062A3B006D2F59 /* Pokemon.json in Resources */,
				95BDA9FD2C00B3FA00B5DD49 /* Bulbasaur.json in Resources */,
				958E6AC22C08B9B300416CB1 /* README.md in Resources */,
				95BDA9F62C00B36E00B5DD49 /* Preview Assets.xcassets in Resources */,
				95BDA9F32C00B36E00B5DD49 /* Assets.xcassets in Resources */,
			);
			runOnlyForDeploymentPostprocessing = 0;
		};
/* End PBXResourcesBuildPhase section */

/* Begin PBXSourcesBuildPhase section */
		95BDA9E72C00B36D00B5DD49 /* Sources */ = {
			isa = PBXSourcesBuildPhase;
			buildActionMask = 2147483647;
			files = (
				95BDA9FF2C00B72E00B5DD49 /* PokemonView.swift in Sources */,
				956ACE6F2C0627C1006D2F59 /* PokemonRow.swift in Sources */,
				956ACE6D2C0625B5006D2F59 /* Pokemon.swift in Sources */,
				95BDA9F12C00B36D00B5DD49 /* ContentView.swift in Sources */,
				956ACE712C06282E006D2F59 /* Preview.swift in Sources */,
				95BDA9EF2C00B36D00B5DD49 /* PokemonApp.swift in Sources */,
				956ACE752C062A65006D2F59 /* Response.swift in Sources */,
			);
			runOnlyForDeploymentPostprocessing = 0;
		};
/* End PBXSourcesBuildPhase section */

/* Begin XCBuildConfiguration section */
		95BDA9F72C00B36E00B5DD49 /* Debug */ = {
			isa = XCBuildConfiguration;
			buildSettings = {
				ALWAYS_SEARCH_USER_PATHS = NO;
				ASSETCATALOG_COMPILER_GENERATE_SWIFT_ASSET_SYMBOL_EXTENSIONS = YES;
				CLANG_ANALYZER_NONNULL = YES;
				CLANG_ANALYZER_NUMBER_OBJECT_CONVERSION = YES_AGGRESSIVE;
				CLANG_CXX_LANGUAGE_STANDARD = "gnu++20";
				CLANG_ENABLE_MODULES = YES;
				CLANG_ENABLE_OBJC_ARC = YES;
				CLANG_ENABLE_OBJC_WEAK = YES;
				CLANG_WARN_BLOCK_CAPTURE_AUTORELEASING = YES;
				CLANG_WARN_BOOL_CONVERSION = YES;
				CLANG_WARN_COMMA = YES;
				CLANG_WARN_CONSTANT_CONVERSION = YES;
				CLANG_WARN_DEPRECATED_OBJC_IMPLEMENTATIONS = YES;
				CLANG_WARN_DIRECT_OBJC_ISA_USAGE = YES_ERROR;
				CLANG_WARN_DOCUMENTATION_COMMENTS = YES;
				CLANG_WARN_EMPTY_BODY = YES;
				CLANG_WARN_ENUM_CONVERSION = YES;
				CLANG_WARN_INFINITE_RECURSION = YES;
				CLANG_WARN_INT_CONVERSION = YES;
				CLANG_WARN_NON_LITERAL_NULL_CONVERSION = YES;
				CLANG_WARN_OBJC_IMPLICIT_RETAIN_SELF = YES;
				CLANG_WARN_OBJC_LITERAL_CONVERSION = YES;
				CLANG_WARN_OBJC_ROOT_CLASS = YES_ERROR;
				CLANG_WARN_QUOTED_INCLUDE_IN_FRAMEWORK_HEADER = YES;
				CLANG_WARN_RANGE_LOOP_ANALYSIS = YES;
				CLANG_WARN_STRICT_PROTOTYPES = YES;
				CLANG_WARN_SUSPICIOUS_MOVE = YES;
				CLANG_WARN_UNGUARDED_AVAILABILITY = YES_AGGRESSIVE;
				CLANG_WARN_UNREACHABLE_CODE = YES;
				CLANG_WARN__DUPLICATE_METHOD_MATCH = YES;
				COPY_PHASE_STRIP = NO;
				DEBUG_INFORMATION_FORMAT = dwarf;
				ENABLE_STRICT_OBJC_MSGSEND = YES;
				ENABLE_TESTABILITY = YES;
				ENABLE_USER_SCRIPT_SANDBOXING = YES;
				GCC_C_LANGUAGE_STANDARD = gnu17;
				GCC_DYNAMIC_NO_PIC = NO;
				GCC_NO_COMMON_BLOCKS = YES;
				GCC_OPTIMIZATION_LEVEL = 0;
				GCC_PREPROCESSOR_DEFINITIONS = (
					"DEBUG=1",
					"$(inherited)",
				);
				GCC_WARN_64_TO_32_BIT_CONVERSION = YES;
				GCC_WARN_ABOUT_RETURN_TYPE = YES_ERROR;
				GCC_WARN_UNDECLARED_SELECTOR = YES;
				GCC_WARN_UNINITIALIZED_AUTOS = YES_AGGRESSIVE;
				GCC_WARN_UNUSED_FUNCTION = YES;
				GCC_WARN_UNUSED_VARIABLE = YES;
				IPHONEOS_DEPLOYMENT_TARGET = 17.4;
				LOCALIZATION_PREFERS_STRING_CATALOGS = YES;
				MTL_ENABLE_DEBUG_INFO = INCLUDE_SOURCE;
				MTL_FAST_MATH = YES;
				ONLY_ACTIVE_ARCH = YES;
				SDKROOT = iphoneos;
				SWIFT_ACTIVE_COMPILATION_CONDITIONS = "DEBUG $(inherited)";
				SWIFT_OPTIMIZATION_LEVEL = "-Onone";
			};
			name = Debug;
		};
		95BDA9F82C00B36E00B5DD49 /* Release */ = {
			isa = XCBuildConfiguration;
			buildSettings = {
				ALWAYS_SEARCH_USER_PATHS = NO;
				ASSETCATALOG_COMPILER_GENERATE_SWIFT_ASSET_SYMBOL_EXTENSIONS = YES;
				CLANG_ANALYZER_NONNULL = YES;
				CLANG_ANALYZER_NUMBER_OBJECT_CONVERSION = YES_AGGRESSIVE;
				CLANG_CXX_LANGUAGE_STANDARD = "gnu++20";
				CLANG_ENABLE_MODULES = YES;
				CLANG_ENABLE_OBJC_ARC = YES;
				CLANG_ENABLE_OBJC_WEAK = YES;
				CLANG_WARN_BLOCK_CAPTURE_AUTORELEASING = YES;
				CLANG_WARN_BOOL_CONVERSION = YES;
				CLANG_WARN_COMMA = YES;
				CLANG_WARN_CONSTANT_CONVERSION = YES;
				CLANG_WARN_DEPRECATED_OBJC_IMPLEMENTATIONS = YES;
				CLANG_WARN_DIRECT_OBJC_ISA_USAGE = YES_ERROR;
				CLANG_WARN_DOCUMENTATION_COMMENTS = YES;
				CLANG_WARN_EMPTY_BODY = YES;
				CLANG_WARN_ENUM_CONVERSION = YES;
				CLANG_WARN_INFINITE_RECURSION = YES;
				CLANG_WARN_INT_CONVERSION = YES;
				CLANG_WARN_NON_LITERAL_NULL_CONVERSION = YES;
				CLANG_WARN_OBJC_IMPLICIT_RETAIN_SELF = YES;
				CLANG_WARN_OBJC_LITERAL_CONVERSION = YES;
				CLANG_WARN_OBJC_ROOT_CLASS = YES_ERROR;
				CLANG_WARN_QUOTED_INCLUDE_IN_FRAMEWORK_HEADER = YES;
				CLANG_WARN_RANGE_LOOP_ANALYSIS = YES;
				CLANG_WARN_STRICT_PROTOTYPES = YES;
				CLANG_WARN_SUSPICIOUS_MOVE = YES;
				CLANG_WARN_UNGUARDED_AVAILABILITY = YES_AGGRESSIVE;
				CLANG_WARN_UNREACHABLE_CODE = YES;
				CLANG_WARN__DUPLICATE_METHOD_MATCH = YES;
				COPY_PHASE_STRIP = NO;
				DEBUG_INFORMATION_FORMAT = "dwarf-with-dsym";
				ENABLE_NS_ASSERTIONS = NO;
				ENABLE_STRICT_OBJC_MSGSEND = YES;
				ENABLE_USER_SCRIPT_SANDBOXING = YES;
				GCC_C_LANGUAGE_STANDARD = gnu17;
				GCC_NO_COMMON_BLOCKS = YES;
				GCC_WARN_64_TO_32_BIT_CONVERSION = YES;
				GCC_WARN_ABOUT_RETURN_TYPE = YES_ERROR;
				GCC_WARN_UNDECLARED_SELECTOR = YES;
				GCC_WARN_UNINITIALIZED_AUTOS = YES_AGGRESSIVE;
				GCC_WARN_UNUSED_FUNCTION = YES;
				GCC_WARN_UNUSED_VARIABLE = YES;
				IPHONEOS_DEPLOYMENT_TARGET = 17.4;
				LOCALIZATION_PREFERS_STRING_CATALOGS = YES;
				MTL_ENABLE_DEBUG_INFO = NO;
				MTL_FAST_MATH = YES;
				SDKROOT = iphoneos;
				SWIFT_COMPILATION_MODE = wholemodule;
				VALIDATE_PRODUCT = YES;
			};
			name = Release;
		};
		95BDA9FA2C00B36E00B5DD49 /* Debug */ = {
			isa = XCBuildConfiguration;
			buildSettings = {
				ASSETCATALOG_COMPILER_APPICON_NAME = AppIcon;
				ASSETCATALOG_COMPILER_GLOBAL_ACCENT_COLOR_NAME = AccentColor;
				CODE_SIGN_STYLE = Automatic;
				CURRENT_PROJECT_VERSION = 1;
				DEVELOPMENT_ASSET_PATHS = "\"Pokemon/Preview Content\"";
				DEVELOPMENT_TEAM = DU7ZKD3PP7;
				ENABLE_PREVIEWS = YES;
				GENERATE_INFOPLIST_FILE = YES;
				INFOPLIST_KEY_UIApplicationSceneManifest_Generation = YES;
				INFOPLIST_KEY_UIApplicationSupportsIndirectInputEvents = YES;
				INFOPLIST_KEY_UILaunchScreen_Generation = YES;
				INFOPLIST_KEY_UISupportedInterfaceOrientations_iPad = "UIInterfaceOrientationPortrait UIInterfaceOrientationPortraitUpsideDown UIInterfaceOrientationLandscapeLeft UIInterfaceOrientationLandscapeRight";
				INFOPLIST_KEY_UISupportedInterfaceOrientations_iPhone = "UIInterfaceOrientationPortrait UIInterfaceOrientationLandscapeLeft UIInterfaceOrientationLandscapeRight";
				LD_RUNPATH_SEARCH_PATHS = (
					"$(inherited)",
					"@executable_path/Frameworks",
				);
				MARKETING_VERSION = 1.0;
				PRODUCT_BUNDLE_IDENTIFIER = com.purecreek.Pokemon;
				PRODUCT_NAME = "$(TARGET_NAME)";
				SWIFT_EMIT_LOC_STRINGS = YES;
				SWIFT_VERSION = 5.0;
				TARGETED_DEVICE_FAMILY = "1,2";
			};
			name = Debug;
		};
		95BDA9FB2C00B36E00B5DD49 /* Release */ = {
			isa = XCBuildConfiguration;
			buildSettings = {
				ASSETCATALOG_COMPILER_APPICON_NAME = AppIcon;
				ASSETCATALOG_COMPILER_GLOBAL_ACCENT_COLOR_NAME = AccentColor;
				CODE_SIGN_STYLE = Automatic;
				CURRENT_PROJECT_VERSION = 1;
				DEVELOPMENT_ASSET_PATHS = "\"Pokemon/Preview Content\"";
				DEVELOPMENT_TEAM = DU7ZKD3PP7;
				ENABLE_PREVIEWS = YES;
				GENERATE_INFOPLIST_FILE = YES;
				INFOPLIST_KEY_UIApplicationSceneManifest_Generation = YES;
				INFOPLIST_KEY_UIApplicationSupportsIndirectInputEvents = YES;
				INFOPLIST_KEY_UILaunchScreen_Generation = YES;
				INFOPLIST_KEY_UISupportedInterfaceOrientations_iPad = "UIInterfaceOrientationPortrait UIInterfaceOrientationPortraitUpsideDown UIInterfaceOrientationLandscapeLeft UIInterfaceOrientationLandscapeRight";
				INFOPLIST_KEY_UISupportedInterfaceOrientations_iPhone = "UIInterfaceOrientationPortrait UIInterfaceOrientationLandscapeLeft UIInterfaceOrientationLandscapeRight";
				LD_RUNPATH_SEARCH_PATHS = (
					"$(inherited)",
					"@executable_path/Frameworks",
				);
				MARKETING_VERSION = 1.0;
				PRODUCT_BUNDLE_IDENTIFIER = com.purecreek.Pokemon;
				PRODUCT_NAME = "$(TARGET_NAME)";
				SWIFT_EMIT_LOC_STRINGS = YES;
				SWIFT_VERSION = 5.0;
				TARGETED_DEVICE_FAMILY = "1,2";
			};
			name = Release;
		};
/* End XCBuildConfiguration section */

/* Begin XCConfigurationList section */
		95BDA9E62C00B36D00B5DD49 /* Build configuration list for PBXProject "Pokemon" */ = {
			isa = XCConfigurationList;
			buildConfigurations = (
				95BDA9F72C00B36E00B5DD49 /* Debug */,
				95BDA9F82C00B36E00B5DD49 /* Release */,
			);
			defaultConfigurationIsVisible = 0;
			defaultConfigurationName = Release;
		};
		95BDA9F92C00B36E00B5DD49 /* Build configuration list for PBXNativeTarget "Pokemon" */ = {
			isa = XCConfigurationList;
			buildConfigurations = (
				95BDA9FA2C00B36E00B5DD49 /* Debug */,
				95BDA9FB2C00B36E00B5DD49 /* Release */,
			);
			defaultConfigurationIsVisible = 0;
			defaultConfigurationName = Release;
		};
/* End XCConfigurationList section */
	};
	rootObject = 95BDA9E32C00B36D00B5DD49 /* Project object */;
}
